
Microsoft Visual Studio Solution File, Format Version 12.00
# Visual Studio Version 17
VisualStudioVersion = 17.1.32210.238
MinimumVisualStudioVersion = 10.0.40219.1
Project("{FAE04EC0-301F-11D3-BF4B-00C04F79EFBC}") = "WPF Login UI", "WPF Login UI\WPF Login UI.csproj", "{FA2A0696-35D3-4DD3-8B44-84F120451A03}"
EndProject
Global
	GlobalSection(SolutionConfigurationPlatforms) = preSolution
		Debug|Any CPU = Debug|Any CPU
		Release|Any CPU = Release|Any CPU
	EndGlobalSection
	GlobalSection(ProjectConfigurationPlatforms) = postSolution
		{FA2A0696-35D3-4DD3-8B44-84F120451A03}.Debug|Any CPU.ActiveCfg = Debug|Any CPU
		{FA2A0696-35D3-4DD3-8B44-84F120451A03}.Debug|Any CPU.Build.0 = Debug|Any CPU
		{FA2A0696-35D3-4DD3-8B44-84F120451A03}.Release|Any CPU.ActiveCfg = Release|Any CPU
		{FA2A0696-35D3-4DD3-8B44-84F120451A03}.Release|Any CPU.Build.0 = Release|Any CPU
	EndGlobalSection
	GlobalSection(SolutionProperties) = preSolution
		HideSolutionNode = FALSE
	EndGlobalSection
	GlobalSection(ExtensibilityGlobals) = postSolution
		SolutionGuid = {002E2E27-AB69-48CC-BEDD-D7E59EC44026}
	EndGlobalSection
EndGlobal
