
Microsoft Visual Studio Solution File, Format Version 12.00
# Visual Studio Version 17
VisualStudioVersion = 17.1.32210.238
MinimumVisualStudioVersion = 10.0.40219.1
Project("{FAE04EC0-301F-11D3-BF4B-00C04F79EFBC}") = "Flat UI Dashboard Design", "Flat UI Dashboard Design\Flat UI Dashboard Design.csproj", "{0793A31C-DBA6-45EF-B601-409AA81C24F4}"
EndProject
Global
	GlobalSection(SolutionConfigurationPlatforms) = preSolution
		Debug|Any CPU = Debug|Any CPU
		Release|Any CPU = Release|Any CPU
	EndGlobalSection
	GlobalSection(ProjectConfigurationPlatforms) = postSolution
		{0793A31C-DBA6-45EF-B601-409AA81C24F4}.Debug|Any CPU.ActiveCfg = Debug|Any CPU
		{0793A31C-DBA6-45EF-B601-409AA81C24F4}.Debug|Any CPU.Build.0 = Debug|Any CPU
		{0793A31C-DBA6-45EF-B601-409AA81C24F4}.Release|Any CPU.ActiveCfg = Release|Any CPU
		{0793A31C-DBA6-45EF-B601-409AA81C24F4}.Release|Any CPU.Build.0 = Release|Any CPU
	EndGlobalSection
	GlobalSection(SolutionProperties) = preSolution
		HideSolutionNode = FALSE
	EndGlobalSection
	GlobalSection(ExtensibilityGlobals) = postSolution
		SolutionGuid = {7197F8A7-1759-44AA-992C-5B8CCF1C4114}
	EndGlobalSection
EndGlobal
