
Microsoft Visual Studio Solution File, Format Version 12.00
# Visual Studio Version 17
VisualStudioVersion = 17.1.32210.238
MinimumVisualStudioVersion = 10.0.40219.1
Project("{FAE04EC0-301F-11D3-BF4B-00C04F79EFBC}") = "WPF Animations", "WPF Animations.csproj", "{7B3D62D4-7F6A-46C6-9006-6E91450AE0C9}"
EndProject
Global
	GlobalSection(SolutionConfigurationPlatforms) = preSolution
		Debug|Any CPU = Debug|Any CPU
		Release|Any CPU = Release|Any CPU
	EndGlobalSection
	GlobalSection(ProjectConfigurationPlatforms) = postSolution
		{7B3D62D4-7F6A-46C6-9006-6E91450AE0C9}.Debug|Any CPU.ActiveCfg = Debug|Any CPU
		{7B3D62D4-7F6A-46C6-9006-6E91450AE0C9}.Debug|Any CPU.Build.0 = Debug|Any CPU
		{7B3D62D4-7F6A-46C6-9006-6E91450AE0C9}.Release|Any CPU.ActiveCfg = Release|Any CPU
		{7B3D62D4-7F6A-46C6-9006-6E91450AE0C9}.Release|Any CPU.Build.0 = Release|Any CPU
	EndGlobalSection
	GlobalSection(SolutionProperties) = preSolution
		HideSolutionNode = FALSE
	EndGlobalSection
	GlobalSection(ExtensibilityGlobals) = postSolution
		SolutionGuid = {A481448A-A5A9-49A5-8E4D-CB020D3E87A2}
	EndGlobalSection
EndGlobal
