
Microsoft Visual Studio Solution File, Format Version 12.00
# Visual Studio Version 17
VisualStudioVersion = 17.1.32210.238
MinimumVisualStudioVersion = 10.0.40219.1
Project("{FAE04EC0-301F-11D3-BF4B-00C04F79EFBC}") = "WPF MVVM Architecture Pattern2", "WPF MVVM Architecture Pattern2.csproj", "{235F67BB-C989-4047-B452-1CC68D8A020C}"
EndProject
Global
	GlobalSection(SolutionConfigurationPlatforms) = preSolution
		Debug|Any CPU = Debug|Any CPU
		Release|Any CPU = Release|Any CPU
	EndGlobalSection
	GlobalSection(ProjectConfigurationPlatforms) = postSolution
		{235F67BB-C989-4047-B452-1CC68D8A020C}.Debug|Any CPU.ActiveCfg = Debug|Any CPU
		{235F67BB-C989-4047-B452-1CC68D8A020C}.Debug|Any CPU.Build.0 = Debug|Any CPU
		{235F67BB-C989-4047-B452-1CC68D8A020C}.Release|Any CPU.ActiveCfg = Release|Any CPU
		{235F67BB-C989-4047-B452-1CC68D8A020C}.Release|Any CPU.Build.0 = Release|Any CPU
	EndGlobalSection
	GlobalSection(SolutionProperties) = preSolution
		HideSolutionNode = FALSE
	EndGlobalSection
	GlobalSection(ExtensibilityGlobals) = postSolution
		SolutionGuid = {9A66FB84-84D0-4671-9C9D-B296345B93D5}
	EndGlobalSection
EndGlobal
